
Microsoft Visual Studio Solution File, Format Version 12.00
# Visual Studio Version 17
VisualStudioVersion = 17.1.32328.378
MinimumVisualStudioVersion = 10.0.40219.1
Project("{FAE04EC0-301F-11D3-BF4B-00C04F79EFBC}") = "AlugueldeVeiculos", "AlugueldeVeiculos\AlugueldeVeiculos.csproj", "{B67D5B80-9C7C-4170-A805-FD24426A5977}"
EndProject
Global
	GlobalSection(SolutionConfigurationPlatforms) = preSolution
		Debug|Any CPU = Debug|Any CPU
		Release|Any CPU = Release|Any CPU
	EndGlobalSection
	GlobalSection(ProjectConfigurationPlatforms) = postSolution
		{B67D5B80-9C7C-4170-A805-FD24426A5977}.Debug|Any CPU.ActiveCfg = Debug|Any CPU
		{B67D5B80-9C7C-4170-A805-FD24426A5977}.Debug|Any CPU.Build.0 = Debug|Any CPU
		{B67D5B80-9C7C-4170-A805-FD24426A5977}.Release|Any CPU.ActiveCfg = Release|Any CPU
		{B67D5B80-9C7C-4170-A805-FD24426A5977}.Release|Any CPU.Build.0 = Release|Any CPU
	EndGlobalSection
	GlobalSection(SolutionProperties) = preSolution
		HideSolutionNode = FALSE
	EndGlobalSection
	GlobalSection(ExtensibilityGlobals) = postSolution
		SolutionGuid = {9D4627B0-D86B-445E-A1FC-3AFB614EB1FA}
	EndGlobalSection
EndGlobal
